// !$*UTF8*$!
{
	archiveVersion = 1;
	classes = {
	};
	objectVersion = 56;
	objects = {

/* Begin PBXBuildFile section */
		D76D09AA2B571B71008D005A /* RealmManager.swift in Sources */ = {isa = PBXBuildFile; fileRef = D76D09A92B571B71008D005A /* RealmManager.swift */; };
		D76D09AD2B571C1E008D005A /* Image.swift in Sources */ = {isa = PBXBuildFile; fileRef = D76D09AC2B571C1E008D005A /* Image.swift */; };
		D76D09AF2B572276008D005A /* DateManager.swift in Sources */ = {isa = PBXBuildFile; fileRef = D76D09AE2B572276008D005A /* DateManager.swift */; };
		D789BFE22B4F2D1E00AC0CF8 /* AppDelegate.swift in Sources */ = {isa = PBXBuildFile; fileRef = D789BFE12B4F2D1E00AC0CF8 /* AppDelegate.swift */; };
		D789BFE42B4F2D1E00AC0CF8 /* SceneDelegate.swift in Sources */ = {isa = PBXBuildFile; fileRef = D789BFE32B4F2D1E00AC0CF8 /* SceneDelegate.swift */; };
		D789BFE62B4F2D1E00AC0CF8 /* ViewController.swift in Sources */ = {isa = PBXBuildFile; fileRef = D789BFE52B4F2D1E00AC0CF8 /* ViewController.swift */; };
		D789BFEB2B4F2D2000AC0CF8 /* Assets.xcassets in Resources */ = {isa = PBXBuildFile; fileRef = D789BFEA2B4F2D2000AC0CF8 /* Assets.xcassets */; };
		D789BFEE2B4F2D2000AC0CF8 /* LaunchScreen.storyboard in Resources */ = {isa = PBXBuildFile; fileRef = D789BFEC2B4F2D2000AC0CF8 /* LaunchScreen.storyboard */; };
		D789BFF72B4FF23600AC0CF8 /* Realm in Frameworks */ = {isa = PBXBuildFile; productRef = D789BFF62B4FF23600AC0CF8 /* Realm */; };
		D789BFF92B4FF23600AC0CF8 /* RealmSwift in Frameworks */ = {isa = PBXBuildFile; productRef = D789BFF82B4FF23600AC0CF8 /* RealmSwift */; };
		D789BFFC2B4FF48E00AC0CF8 /* CollectionViewCell.swift in Sources */ = {isa = PBXBuildFile; fileRef = D789BFFB2B4FF48E00AC0CF8 /* CollectionViewCell.swift */; };
/* End PBXBuildFile section */

/* Begin PBXFileReference section */
		D76D09A92B571B71008D005A /* RealmManager.swift */ = {isa = PBXFileReference; lastKnownFileType = sourcecode.swift; path = RealmManager.swift; sourceTree = "<group>"; };
		D76D09AC2B571C1E008D005A /* Image.swift */ = {isa = PBXFileReference; lastKnownFileType = sourcecode.swift; path = Image.swift; sourceTree = "<group>"; };
		D76D09AE2B572276008D005A /* DateManager.swift */ = {isa = PBXFileReference; lastKnownFileType = sourcecode.swift; path = DateManager.swift; sourceTree = "<group>"; };
		D789BFDE2B4F2D1E00AC0CF8 /* Realm+ImagePicker.app */ = {isa = PBXFileReference; explicitFileType = wrapper.application; includeInIndex = 0; path = "Realm+ImagePicker.app"; sourceTree = BUILT_PRODUCTS_DIR; };
		D789BFE12B4F2D1E00AC0CF8 /* AppDelegate.swift */ = {isa = PBXFileReference; lastKnownFileType = sourcecode.swift; path = AppDelegate.swift; sourceTree = "<group>"; };
		D789BFE32B4F2D1E00AC0CF8 /* SceneDelegate.swift */ = {isa = PBXFileReference; lastKnownFileType = sourcecode.swift; path = SceneDelegate.swift; sourceTree = "<group>"; };
		D789BFE52B4F2D1E00AC0CF8 /* ViewController.swift */ = {isa = PBXFileReference; lastKnownFileType = sourcecode.swift; path = ViewController.swift; sourceTree = "<group>"; };
		D789BFEA2B4F2D2000AC0CF8 /* Assets.xcassets */ = {isa = PBXFileReference; lastKnownFileType = folder.assetcatalog; path = Assets.xcassets; sourceTree = "<group>"; };
		D789BFED2B4F2D2000AC0CF8 /* Base */ = {isa = PBXFileReference; lastKnownFileType = file.storyboard; name = Base; path = Base.lproj/LaunchScreen.storyboard; sourceTree = "<group>"; };
		D789BFEF2B4F2D2000AC0CF8 /* Info.plist */ = {isa = PBXFileReference; lastKnownFileType = text.plist.xml; path = Info.plist; sourceTree = "<group>"; };
		D789BFFB2B4FF48E00AC0CF8 /* CollectionViewCell.swift */ = {isa = PBXFileReference; lastKnownFileType = sourcecode.swift; path = CollectionViewCell.swift; sourceTree = "<group>"; };
/* End PBXFileReference section */

/* Begin PBXFrameworksBuildPhase section */
		D789BFDB2B4F2D1E00AC0CF8 /* Frameworks */ = {
			isa = PBXFrameworksBuildPhase;
			buildActionMask = 2147483647;
			files = (
				D789BFF92B4FF23600AC0CF8 /* RealmSwift in Frameworks */,
				D789BFF72B4FF23600AC0CF8 /* Realm in Frameworks */,
			);
			runOnlyForDeploymentPostprocessing = 0;
		};
/* End PBXFrameworksBuildPhase section */

/* Begin PBXGroup section */
		D74A7ED82B54467300873AA5 /* Managers */ = {
			isa = PBXGroup;
			children = (
				D76D09A92B571B71008D005A /* RealmManager.swift */,
				D76D09AE2B572276008D005A /* DateManager.swift */,
			);
			path = Managers;
			sourceTree = "<group>";
		};
		D76D09AB2B571C0B008D005A /* Model */ = {
			isa = PBXGroup;
			children = (
				D76D09AC2B571C1E008D005A /* Image.swift */,
			);
			path = Model;
			sourceTree = "<group>";
		};
		D789BFD52B4F2D1E00AC0CF8 = {
			isa = PBXGroup;
			children = (
				D789BFE02B4F2D1E00AC0CF8 /* Realm+ImagePicker */,
				D789BFDF2B4F2D1E00AC0CF8 /* Products */,
			);
			sourceTree = "<group>";
		};
		D789BFDF2B4F2D1E00AC0CF8 /* Products */ = {
			isa = PBXGroup;
			children = (
				D789BFDE2B4F2D1E00AC0CF8 /* Realm+ImagePicker.app */,
			);
			name = Products;
			sourceTree = "<group>";
		};
		D789BFE02B4F2D1E00AC0CF8 /* Realm+ImagePicker */ = {
			isa = PBXGroup;
			children = (
				D76D09AB2B571C0B008D005A /* Model */,
				D74A7ED82B54467300873AA5 /* Managers */,
				D789BFFD2B506E8E00AC0CF8 /* View */,
				D789BFFA2B4FF44400AC0CF8 /* Cell */,
				D789BFFE2B506EA300AC0CF8 /* Delegates */,
				D789BFEA2B4F2D2000AC0CF8 /* Assets.xcassets */,
				D789BFEC2B4F2D2000AC0CF8 /* LaunchScreen.storyboard */,
				D789BFEF2B4F2D2000AC0CF8 /* Info.plist */,
			);
			path = "Realm+ImagePicker";
			sourceTree = "<group>";
		};
		D789BFFA2B4FF44400AC0CF8 /* Cell */ = {
			isa = PBXGroup;
			children = (
				D789BFFB2B4FF48E00AC0CF8 /* CollectionViewCell.swift */,
			);
			path = Cell;
			sourceTree = "<group>";
		};
		D789BFFD2B506E8E00AC0CF8 /* View */ = {
			isa = PBXGroup;
			children = (
				D789BFE52B4F2D1E00AC0CF8 /* ViewController.swift */,
			);
			path = View;
			sourceTree = "<group>";
		};
		D789BFFE2B506EA300AC0CF8 /* Delegates */ = {
			isa = PBXGroup;
			children = (
				D789BFE12B4F2D1E00AC0CF8 /* AppDelegate.swift */,
				D789BFE32B4F2D1E00AC0CF8 /* SceneDelegate.swift */,
			);
			path = Delegates;
			sourceTree = "<group>";
		};
/* End PBXGroup section */

/* Begin PBXNativeTarget section */
		D789BFDD2B4F2D1E00AC0CF8 /* Realm+ImagePicker */ = {
			isa = PBXNativeTarget;
			buildConfigurationList = D789BFF22B4F2D2000AC0CF8 /* Build configuration list for PBXNativeTarget "Realm+ImagePicker" */;
			buildPhases = (
				D789BFDA2B4F2D1E00AC0CF8 /* Sources */,
				D789BFDB2B4F2D1E00AC0CF8 /* Frameworks */,
				D789BFDC2B4F2D1E00AC0CF8 /* Resources */,
			);
			buildRules = (
			);
			dependencies = (
			);
			name = "Realm+ImagePicker";
			packageProductDependencies = (
				D789BFF62B4FF23600AC0CF8 /* Realm */,
				D789BFF82B4FF23600AC0CF8 /* RealmSwift */,
			);
			productName = "Realm+ImagePicker";
			productReference = D789BFDE2B4F2D1E00AC0CF8 /* Realm+ImagePicker.app */;
			productType = "com.apple.product-type.application";
		};
/* End PBXNativeTarget section */

/* Begin PBXProject section */
		D789BFD62B4F2D1E00AC0CF8 /* Project object */ = {
			isa = PBXProject;
			attributes = {
				BuildIndependentTargetsInParallel = 1;
				LastSwiftUpdateCheck = 1500;
				LastUpgradeCheck = 1500;
				TargetAttributes = {
					D789BFDD2B4F2D1E00AC0CF8 = {
						CreatedOnToolsVersion = 15.0;
					};
				};
			};
			buildConfigurationList = D789BFD92B4F2D1E00AC0CF8 /* Build configuration list for PBXProject "Realm+ImagePicker" */;
			compatibilityVersion = "Xcode 14.0";
			developmentRegion = en;
			hasScannedForEncodings = 0;
			knownRegions = (
				en,
				Base,
			);
			mainGroup = D789BFD52B4F2D1E00AC0CF8;
			packageReferences = (
				D789BFF52B4FF23600AC0CF8 /* XCRemoteSwiftPackageReference "realm-swift" */,
			);
			productRefGroup = D789BFDF2B4F2D1E00AC0CF8 /* Products */;
			projectDirPath = "";
			projectRoot = "";
			targets = (
				D789BFDD2B4F2D1E00AC0CF8 /* Realm+ImagePicker */,
			);
		};
/* End PBXProject section */

/* Begin PBXResourcesBuildPhase section */
		D789BFDC2B4F2D1E00AC0CF8 /* Resources */ = {
			isa = PBXResourcesBuildPhase;
			buildActionMask = 2147483647;
			files = (
				D789BFEE2B4F2D2000AC0CF8 /* LaunchScreen.storyboard in Resources */,
				D789BFEB2B4F2D2000AC0CF8 /* Assets.xcassets in Resources */,
			);
			runOnlyForDeploymentPostprocessing = 0;
		};
/* End PBXResourcesBuildPhase section */

/* Begin PBXSourcesBuildPhase section */
		D789BFDA2B4F2D1E00AC0CF8 /* Sources */ = {
			isa = PBXSourcesBuildPhase;
			buildActionMask = 2147483647;
			files = (
				D76D09AD2B571C1E008D005A /* Image.swift in Sources */,
				D789BFE62B4F2D1E00AC0CF8 /* ViewController.swift in Sources */,
				D789BFE22B4F2D1E00AC0CF8 /* AppDelegate.swift in Sources */,
				D789BFFC2B4FF48E00AC0CF8 /* CollectionViewCell.swift in Sources */,
				D76D09AF2B572276008D005A /* DateManager.swift in Sources */,
				D789BFE42B4F2D1E00AC0CF8 /* SceneDelegate.swift in Sources */,
				D76D09AA2B571B71008D005A /* RealmManager.swift in Sources */,
			);
			runOnlyForDeploymentPostprocessing = 0;
		};
/* End PBXSourcesBuildPhase section */

/* Begin PBXVariantGroup section */
		D789BFEC2B4F2D2000AC0CF8 /* LaunchScreen.storyboard */ = {
			isa = PBXVariantGroup;
			children = (
				D789BFED2B4F2D2000AC0CF8 /* Base */,
			);
			name = LaunchScreen.storyboard;
			sourceTree = "<group>";
		};
/* End PBXVariantGroup section */

/* Begin XCBuildConfiguration section */
		D789BFF02B4F2D2000AC0CF8 /* Debug */ = {
			isa = XCBuildConfiguration;
			buildSettings = {
				ALWAYS_SEARCH_USER_PATHS = NO;
				ASSETCATALOG_COMPILER_GENERATE_SWIFT_ASSET_SYMBOL_EXTENSIONS = YES;
				CLANG_ANALYZER_NONNULL = YES;
				CLANG_ANALYZER_NUMBER_OBJECT_CONVERSION = YES_AGGRESSIVE;
				CLANG_CXX_LANGUAGE_STANDARD = "gnu++20";
				CLANG_ENABLE_MODULES = YES;
				CLANG_ENABLE_OBJC_ARC = YES;
				CLANG_ENABLE_OBJC_WEAK = YES;
				CLANG_WARN_BLOCK_CAPTURE_AUTORELEASING = YES;
				CLANG_WARN_BOOL_CONVERSION = YES;
				CLANG_WARN_COMMA = YES;
				CLANG_WARN_CONSTANT_CONVERSION = YES;
				CLANG_WARN_DEPRECATED_OBJC_IMPLEMENTATIONS = YES;
				CLANG_WARN_DIRECT_OBJC_ISA_USAGE = YES_ERROR;
				CLANG_WARN_DOCUMENTATION_COMMENTS = YES;
				CLANG_WARN_EMPTY_BODY = YES;
				CLANG_WARN_ENUM_CONVERSION = YES;
				CLANG_WARN_INFINITE_RECURSION = YES;
				CLANG_WARN_INT_CONVERSION = YES;
				CLANG_WARN_NON_LITERAL_NULL_CONVERSION = YES;
				CLANG_WARN_OBJC_IMPLICIT_RETAIN_SELF = YES;
				CLANG_WARN_OBJC_LITERAL_CONVERSION = YES;
				CLANG_WARN_OBJC_ROOT_CLASS = YES_ERROR;
				CLANG_WARN_QUOTED_INCLUDE_IN_FRAMEWORK_HEADER = YES;
				CLANG_WARN_RANGE_LOOP_ANALYSIS = YES;
				CLANG_WARN_STRICT_PROTOTYPES = YES;
				CLANG_WARN_SUSPICIOUS_MOVE = YES;
				CLANG_WARN_UNGUARDED_AVAILABILITY = YES_AGGRESSIVE;
				CLANG_WARN_UNREACHABLE_CODE = YES;
				CLANG_WARN__DUPLICATE_METHOD_MATCH = YES;
				COPY_PHASE_STRIP = NO;
				DEBUG_INFORMATION_FORMAT = dwarf;
				ENABLE_STRICT_OBJC_MSGSEND = YES;
				ENABLE_TESTABILITY = YES;
				ENABLE_USER_SCRIPT_SANDBOXING = YES;
				GCC_C_LANGUAGE_STANDARD = gnu17;
				GCC_DYNAMIC_NO_PIC = NO;
				GCC_NO_COMMON_BLOCKS = YES;
				GCC_OPTIMIZATION_LEVEL = 0;
				GCC_PREPROCESSOR_DEFINITIONS = (
					"DEBUG=1",
					"$(inherited)",
				);
				GCC_WARN_64_TO_32_BIT_CONVERSION = YES;
				GCC_WARN_ABOUT_RETURN_TYPE = YES_ERROR;
				GCC_WARN_UNDECLARED_SELECTOR = YES;
				GCC_WARN_UNINITIALIZED_AUTOS = YES_AGGRESSIVE;
				GCC_WARN_UNUSED_FUNCTION = YES;
				GCC_WARN_UNUSED_VARIABLE = YES;
				IPHONEOS_DEPLOYMENT_TARGET = 17.0;
				LOCALIZATION_PREFERS_STRING_CATALOGS = YES;
				MTL_ENABLE_DEBUG_INFO = INCLUDE_SOURCE;
				MTL_FAST_MATH = YES;
				ONLY_ACTIVE_ARCH = YES;
				SDKROOT = iphoneos;
				SWIFT_ACTIVE_COMPILATION_CONDITIONS = "DEBUG $(inherited)";
				SWIFT_OPTIMIZATION_LEVEL = "-Onone";
			};
			name = Debug;
		};
		D789BFF12B4F2D2000AC0CF8 /* Release */ = {
			isa = XCBuildConfiguration;
			buildSettings = {
				ALWAYS_SEARCH_USER_PATHS = NO;
				ASSETCATALOG_COMPILER_GENERATE_SWIFT_ASSET_SYMBOL_EXTENSIONS = YES;
				CLANG_ANALYZER_NONNULL = YES;
				CLANG_ANALYZER_NUMBER_OBJECT_CONVERSION = YES_AGGRESSIVE;
				CLANG_CXX_LANGUAGE_STANDARD = "gnu++20";
				CLANG_ENABLE_MODULES = YES;
				CLANG_ENABLE_OBJC_ARC = YES;
				CLANG_ENABLE_OBJC_WEAK = YES;
				CLANG_WARN_BLOCK_CAPTURE_AUTORELEASING = YES;
				CLANG_WARN_BOOL_CONVERSION = YES;
				CLANG_WARN_COMMA = YES;
				CLANG_WARN_CONSTANT_CONVERSION = YES;
				CLANG_WARN_DEPRECATED_OBJC_IMPLEMENTATIONS = YES;
				CLANG_WARN_DIRECT_OBJC_ISA_USAGE = YES_ERROR;
				CLANG_WARN_DOCUMENTATION_COMMENTS = YES;
				CLANG_WARN_EMPTY_BODY = YES;
				CLANG_WARN_ENUM_CONVERSION = YES;
				CLANG_WARN_INFINITE_RECURSION = YES;
				CLANG_WARN_INT_CONVERSION = YES;
				CLANG_WARN_NON_LITERAL_NULL_CONVERSION = YES;
				CLANG_WARN_OBJC_IMPLICIT_RETAIN_SELF = YES;
				CLANG_WARN_OBJC_LITERAL_CONVERSION = YES;
				CLANG_WARN_OBJC_ROOT_CLASS = YES_ERROR;
				CLANG_WARN_QUOTED_INCLUDE_IN_FRAMEWORK_HEADER = YES;
				CLANG_WARN_RANGE_LOOP_ANALYSIS = YES;
				CLANG_WARN_STRICT_PROTOTYPES = YES;
				CLANG_WARN_SUSPICIOUS_MOVE = YES;
				CLANG_WARN_UNGUARDED_AVAILABILITY = YES_AGGRESSIVE;
				CLANG_WARN_UNREACHABLE_CODE = YES;
				CLANG_WARN__DUPLICATE_METHOD_MATCH = YES;
				COPY_PHASE_STRIP = NO;
				DEBUG_INFORMATION_FORMAT = "dwarf-with-dsym";
				ENABLE_NS_ASSERTIONS = NO;
				ENABLE_STRICT_OBJC_MSGSEND = YES;
				ENABLE_USER_SCRIPT_SANDBOXING = YES;
				GCC_C_LANGUAGE_STANDARD = gnu17;
				GCC_NO_COMMON_BLOCKS = YES;
				GCC_WARN_64_TO_32_BIT_CONVERSION = YES;
				GCC_WARN_ABOUT_RETURN_TYPE = YES_ERROR;
				GCC_WARN_UNDECLARED_SELECTOR = YES;
				GCC_WARN_UNINITIALIZED_AUTOS = YES_AGGRESSIVE;
				GCC_WARN_UNUSED_FUNCTION = YES;
				GCC_WARN_UNUSED_VARIABLE = YES;
				IPHONEOS_DEPLOYMENT_TARGET = 17.0;
				LOCALIZATION_PREFERS_STRING_CATALOGS = YES;
				MTL_ENABLE_DEBUG_INFO = NO;
				MTL_FAST_MATH = YES;
				SDKROOT = iphoneos;
				SWIFT_COMPILATION_MODE = wholemodule;
				VALIDATE_PRODUCT = YES;
			};
			name = Release;
		};
		D789BFF32B4F2D2000AC0CF8 /* Debug */ = {
			isa = XCBuildConfiguration;
			buildSettings = {
				ASSETCATALOG_COMPILER_APPICON_NAME = AppIcon;
				ASSETCATALOG_COMPILER_GLOBAL_ACCENT_COLOR_NAME = AccentColor;
				CODE_SIGN_STYLE = Automatic;
				CURRENT_PROJECT_VERSION = 1;
				DEVELOPMENT_TEAM = 3M9TNH7XM2;
				GENERATE_INFOPLIST_FILE = YES;
				INFOPLIST_FILE = "Realm+ImagePicker/Info.plist";
				INFOPLIST_KEY_UIApplicationSupportsIndirectInputEvents = YES;
				INFOPLIST_KEY_UILaunchStoryboardName = LaunchScreen;
				INFOPLIST_KEY_UISupportedInterfaceOrientations_iPad = "UIInterfaceOrientationPortrait UIInterfaceOrientationPortraitUpsideDown UIInterfaceOrientationLandscapeLeft UIInterfaceOrientationLandscapeRight";
				INFOPLIST_KEY_UISupportedInterfaceOrientations_iPhone = "UIInterfaceOrientationPortrait UIInterfaceOrientationLandscapeLeft UIInterfaceOrientationLandscapeRight";
				LD_RUNPATH_SEARCH_PATHS = (
					"$(inherited)",
					"@executable_path/Frameworks",
				);
				MARKETING_VERSION = 1.0;
				PRODUCT_BUNDLE_IDENTIFIER = "Dev.Realm-ImagePicker";
				PRODUCT_NAME = "$(TARGET_NAME)";
				SWIFT_EMIT_LOC_STRINGS = YES;
				SWIFT_VERSION = 5.0;
				TARGETED_DEVICE_FAMILY = "1,2";
			};
			name = Debug;
		};
		D789BFF42B4F2D2000AC0CF8 /* Release */ = {
			isa = XCBuildConfiguration;
			buildSettings = {
				ASSETCATALOG_COMPILER_APPICON_NAME = AppIcon;
				ASSETCATALOG_COMPILER_GLOBAL_ACCENT_COLOR_NAME = AccentColor;
				CODE_SIGN_STYLE = Automatic;
				CURRENT_PROJECT_VERSION = 1;
				DEVELOPMENT_TEAM = 3M9TNH7XM2;
				GENERATE_INFOPLIST_FILE = YES;
				INFOPLIST_FILE = "Realm+ImagePicker/Info.plist";
				INFOPLIST_KEY_UIApplicationSupportsIndirectInputEvents = YES;
				INFOPLIST_KEY_UILaunchStoryboardName = LaunchScreen;
				INFOPLIST_KEY_UISupportedInterfaceOrientations_iPad = "UIInterfaceOrientationPortrait UIInterfaceOrientationPortraitUpsideDown UIInterfaceOrientationLandscapeLeft UIInterfaceOrientationLandscapeRight";
				INFOPLIST_KEY_UISupportedInterfaceOrientations_iPhone = "UIInterfaceOrientationPortrait UIInterfaceOrientationLandscapeLeft UIInterfaceOrientationLandscapeRight";
				LD_RUNPATH_SEARCH_PATHS = (
					"$(inherited)",
					"@executable_path/Frameworks",
				);
				MARKETING_VERSION = 1.0;
				PRODUCT_BUNDLE_IDENTIFIER = "Dev.Realm-ImagePicker";
				PRODUCT_NAME = "$(TARGET_NAME)";
				SWIFT_EMIT_LOC_STRINGS = YES;
				SWIFT_VERSION = 5.0;
				TARGETED_DEVICE_FAMILY = "1,2";
			};
			name = Release;
		};
/* End XCBuildConfiguration section */

/* Begin XCConfigurationList section */
		D789BFD92B4F2D1E00AC0CF8 /* Build configuration list for PBXProject "Realm+ImagePicker" */ = {
			isa = XCConfigurationList;
			buildConfigurations = (
				D789BFF02B4F2D2000AC0CF8 /* Debug */,
				D789BFF12B4F2D2000AC0CF8 /* Release */,
			);
			defaultConfigurationIsVisible = 0;
			defaultConfigurationName = Release;
		};
		D789BFF22B4F2D2000AC0CF8 /* Build configuration list for PBXNativeTarget "Realm+ImagePicker" */ = {
			isa = XCConfigurationList;
			buildConfigurations = (
				D789BFF32B4F2D2000AC0CF8 /* Debug */,
				D789BFF42B4F2D2000AC0CF8 /* Release */,
			);
			defaultConfigurationIsVisible = 0;
			defaultConfigurationName = Release;
		};
/* End XCConfigurationList section */

/* Begin XCRemoteSwiftPackageReference section */
		D789BFF52B4FF23600AC0CF8 /* XCRemoteSwiftPackageReference "realm-swift" */ = {
			isa = XCRemoteSwiftPackageReference;
			repositoryURL = "https://github.com/realm/realm-swift.git";
			requirement = {
				branch = master;
				kind = branch;
			};
		};
/* End XCRemoteSwiftPackageReference section */

/* Begin XCSwiftPackageProductDependency section */
		D789BFF62B4FF23600AC0CF8 /* Realm */ = {
			isa = XCSwiftPackageProductDependency;
			package = D789BFF52B4FF23600AC0CF8 /* XCRemoteSwiftPackageReference "realm-swift" */;
			productName = Realm;
		};
		D789BFF82B4FF23600AC0CF8 /* RealmSwift */ = {
			isa = XCSwiftPackageProductDependency;
			package = D789BFF52B4FF23600AC0CF8 /* XCRemoteSwiftPackageReference "realm-swift" */;
			productName = RealmSwift;
		};
/* End XCSwiftPackageProductDependency section */
	};
	rootObject = D789BFD62B4F2D1E00AC0CF8 /* Project object */;
}
